
Microsoft Visual Studio Solution File, Format Version 12.00
# Visual Studio Version 16
VisualStudioVersion = 16.0.34031.81
MinimumVisualStudioVersion = 10.0.40219.1
Project("{2150E333-8FDC-42A3-9474-1A3956D46DE8}") = "Task0", "Task0", "{DA57B5D9-18E4-4FC7-8614-9C687560A657}"
EndProject
Project("{FAE04EC0-301F-11D3-BF4B-00C04F79EFBC}") = "Tyuiu.ShtolAA.Sprint2.Task0.V5", "Tyuiu.ShtolAA.Sprint2.Task0.V5\Tyuiu.ShtolAA.Sprint2.Task0.V5.csproj", "{0120C743-1978-4D7B-9578-89C38F26617D}"
EndProject
Project("{FAE04EC0-301F-11D3-BF4B-00C04F79EFBC}") = "Tyuiu.ShtolAA.Sprint2.Task0.V5.Lib", "Tyuiu.ShtolAA.Sprint2.Task0.V5.Lib\Tyuiu.ShtolAA.Sprint2.Task0.V5.Lib.csproj", "{67DC7E43-A44C-4BAF-9930-4EC8E5B6E2BC}"
EndProject
Project("{FAE04EC0-301F-11D3-BF4B-00C04F79EFBC}") = "Tyuiu.ShtolAA.Sprint2.Task0.V5.Test", "Tyuiu.ShtolAA.Sprint2.Task0.V5.Test\Tyuiu.ShtolAA.Sprint2.Task0.V5.Test.csproj", "{08FE3245-5598-4C41-B9B5-D58BD4165D89}"
EndProject
Project("{2150E333-8FDC-42A3-9474-1A3956D46DE8}") = "Task1", "Task1", "{76DA1CA7-9985-485D-9E92-DBA21D868B64}"
EndProject
Project("{FAE04EC0-301F-11D3-BF4B-00C04F79EFBC}") = "Tyuiu.ShtolAA.Sprint2.Task1.V1", "Tyuiu.ShtolAA.Sprint2.Task1.V1\Tyuiu.ShtolAA.Sprint2.Task1.V1.csproj", "{80A2FC9A-F176-43C3-98CD-081C26C3A2A7}"
EndProject
Project("{FAE04EC0-301F-11D3-BF4B-00C04F79EFBC}") = "Tyuiu.ShtolAA.Sprint2.Task1.V1.Lib", "Tyuiu.ShtolAA.Sprint2.Task1.V1.Lib\Tyuiu.ShtolAA.Sprint2.Task1.V1.Lib.csproj", "{20A5FC57-ACBF-43FD-8C0B-5703C880B0C4}"
EndProject
Project("{FAE04EC0-301F-11D3-BF4B-00C04F79EFBC}") = "Tyuiu.ShtolAA.Sprint2.Task1.V1.Test", "Tyuiu.ShtolAA.Sprint2.Task1.V1.Test\Tyuiu.ShtolAA.Sprint2.Task1.V1.Test.csproj", "{731967CF-7A63-4492-866D-5454ECF40133}"
EndProject
Project("{2150E333-8FDC-42A3-9474-1A3956D46DE8}") = "Task2", "Task2", "{796A15E3-70B5-4453-8DA1-8CDB68D2283B}"
EndProject
Project("{FAE04EC0-301F-11D3-BF4B-00C04F79EFBC}") = "Tyuiu.ShtolAA.Sprint2.Task2.V15", "Tyuiu.ShtolAA.Sprint2.Task2.V15\Tyuiu.ShtolAA.Sprint2.Task2.V15.csproj", "{10362FA0-AB87-4B04-A062-CE11B5CF6E33}"
EndProject
Project("{FAE04EC0-301F-11D3-BF4B-00C04F79EFBC}") = "Tyuiu.ShtolAA.Sprint2.Task2.V15.Lib", "Tyuiu.ShtolAA.Sprint2.Task2.V15.Lib\Tyuiu.ShtolAA.Sprint2.Task2.V15.Lib.csproj", "{0FBB3C5E-79DD-42A5-BA09-5F252E1F13D6}"
EndProject
Project("{FAE04EC0-301F-11D3-BF4B-00C04F79EFBC}") = "Tyuiu.ShtolAA.Sprint2.Task2.V15.Test", "Tyuiu.ShtolAA.Sprint2.Task2.V15.Test\Tyuiu.ShtolAA.Sprint2.Task2.V15.Test.csproj", "{DCEB7719-85AB-4B26-B92D-2F75FC4C2F54}"
EndProject
Project("{2150E333-8FDC-42A3-9474-1A3956D46DE8}") = "Task3", "Task3", "{31A99A1E-A25D-4813-B60A-3338644EA810}"
EndProject
Project("{FAE04EC0-301F-11D3-BF4B-00C04F79EFBC}") = "Tyuiu.ShtolAA.Sprint2.Task3.V8", "Tyuiu.ShtolAA.Sprint2.Task3.V8\Tyuiu.ShtolAA.Sprint2.Task3.V8.csproj", "{E3550DC9-E6D7-4A58-A5A7-FB5B0185781B}"
EndProject
Project("{FAE04EC0-301F-11D3-BF4B-00C04F79EFBC}") = "Tyuiu.ShtolAA.Sprint2.Task3.V8.Lib", "Tyuiu.ShtolAA.Sprint2.Task3.V8.Lib\Tyuiu.ShtolAA.Sprint2.Task3.V8.Lib.csproj", "{62D31B00-9212-4407-A229-C9EF1B388EAD}"
EndProject
Project("{FAE04EC0-301F-11D3-BF4B-00C04F79EFBC}") = "Tyuiu.ShtolAA.Sprint2.Task3.V8.Test", "Tyuiu.ShtolAA.Sprint2.Task3.V8.Test\Tyuiu.ShtolAA.Sprint2.Task3.V8.Test.csproj", "{0383C0DC-3093-45B2-87C8-22A4615E751A}"
EndProject
Global
	GlobalSection(SolutionConfigurationPlatforms) = preSolution
		Debug|Any CPU = Debug|Any CPU
		Release|Any CPU = Release|Any CPU
	EndGlobalSection
	GlobalSection(ProjectConfigurationPlatforms) = postSolution
		{0120C743-1978-4D7B-9578-89C38F26617D}.Debug|Any CPU.ActiveCfg = Debug|Any CPU
		{0120C743-1978-4D7B-9578-89C38F26617D}.Debug|Any CPU.Build.0 = Debug|Any CPU
		{0120C743-1978-4D7B-9578-89C38F26617D}.Release|Any CPU.ActiveCfg = Release|Any CPU
		{0120C743-1978-4D7B-9578-89C38F26617D}.Release|Any CPU.Build.0 = Release|Any CPU
		{67DC7E43-A44C-4BAF-9930-4EC8E5B6E2BC}.Debug|Any CPU.ActiveCfg = Debug|Any CPU
		{67DC7E43-A44C-4BAF-9930-4EC8E5B6E2BC}.Debug|Any CPU.Build.0 = Debug|Any CPU
		{67DC7E43-A44C-4BAF-9930-4EC8E5B6E2BC}.Release|Any CPU.ActiveCfg = Release|Any CPU
		{67DC7E43-A44C-4BAF-9930-4EC8E5B6E2BC}.Release|Any CPU.Build.0 = Release|Any CPU
		{08FE3245-5598-4C41-B9B5-D58BD4165D89}.Debug|Any CPU.ActiveCfg = Debug|Any CPU
		{08FE3245-5598-4C41-B9B5-D58BD4165D89}.Debug|Any CPU.Build.0 = Debug|Any CPU
		{08FE3245-5598-4C41-B9B5-D58BD4165D89}.Release|Any CPU.ActiveCfg = Release|Any CPU
		{08FE3245-5598-4C41-B9B5-D58BD4165D89}.Release|Any CPU.Build.0 = Release|Any CPU
		{80A2FC9A-F176-43C3-98CD-081C26C3A2A7}.Debug|Any CPU.ActiveCfg = Debug|Any CPU
		{80A2FC9A-F176-43C3-98CD-081C26C3A2A7}.Debug|Any CPU.Build.0 = Debug|Any CPU
		{80A2FC9A-F176-43C3-98CD-081C26C3A2A7}.Release|Any CPU.ActiveCfg = Release|Any CPU
		{80A2FC9A-F176-43C3-98CD-081C26C3A2A7}.Release|Any CPU.Build.0 = Release|Any CPU
		{20A5FC57-ACBF-43FD-8C0B-5703C880B0C4}.Debug|Any CPU.ActiveCfg = Debug|Any CPU
		{20A5FC57-ACBF-43FD-8C0B-5703C880B0C4}.Debug|Any CPU.Build.0 = Debug|Any CPU
		{20A5FC57-ACBF-43FD-8C0B-5703C880B0C4}.Release|Any CPU.ActiveCfg = Release|Any CPU
		{20A5FC57-ACBF-43FD-8C0B-5703C880B0C4}.Release|Any CPU.Build.0 = Release|Any CPU
		{731967CF-7A63-4492-866D-5454ECF40133}.Debug|Any CPU.ActiveCfg = Debug|Any CPU
		{731967CF-7A63-4492-866D-5454ECF40133}.Debug|Any CPU.Build.0 = Debug|Any CPU
		{731967CF-7A63-4492-866D-5454ECF40133}.Release|Any CPU.ActiveCfg = Release|Any CPU
		{731967CF-7A63-4492-866D-5454ECF40133}.Release|Any CPU.Build.0 = Release|Any CPU
		{10362FA0-AB87-4B04-A062-CE11B5CF6E33}.Debug|Any CPU.ActiveCfg = Debug|Any CPU
		{10362FA0-AB87-4B04-A062-CE11B5CF6E33}.Debug|Any CPU.Build.0 = Debug|Any CPU
		{10362FA0-AB87-4B04-A062-CE11B5CF6E33}.Release|Any CPU.ActiveCfg = Release|Any CPU
		{10362FA0-AB87-4B04-A062-CE11B5CF6E33}.Release|Any CPU.Build.0 = Release|Any CPU
		{0FBB3C5E-79DD-42A5-BA09-5F252E1F13D6}.Debug|Any CPU.ActiveCfg = Debug|Any CPU
		{0FBB3C5E-79DD-42A5-BA09-5F252E1F13D6}.Debug|Any CPU.Build.0 = Debug|Any CPU
		{0FBB3C5E-79DD-42A5-BA09-5F252E1F13D6}.Release|Any CPU.ActiveCfg = Release|Any CPU
		{0FBB3C5E-79DD-42A5-BA09-5F252E1F13D6}.Release|Any CPU.Build.0 = Release|Any CPU
		{DCEB7719-85AB-4B26-B92D-2F75FC4C2F54}.Debug|Any CPU.ActiveCfg = Debug|Any CPU
		{DCEB7719-85AB-4B26-B92D-2F75FC4C2F54}.Debug|Any CPU.Build.0 = Debug|Any CPU
		{DCEB7719-85AB-4B26-B92D-2F75FC4C2F54}.Release|Any CPU.ActiveCfg = Release|Any CPU
		{DCEB7719-85AB-4B26-B92D-2F75FC4C2F54}.Release|Any CPU.Build.0 = Release|Any CPU
		{E3550DC9-E6D7-4A58-A5A7-FB5B0185781B}.Debug|Any CPU.ActiveCfg = Debug|Any CPU
		{E3550DC9-E6D7-4A58-A5A7-FB5B0185781B}.Debug|Any CPU.Build.0 = Debug|Any CPU
		{E3550DC9-E6D7-4A58-A5A7-FB5B0185781B}.Release|Any CPU.ActiveCfg = Release|Any CPU
		{E3550DC9-E6D7-4A58-A5A7-FB5B0185781B}.Release|Any CPU.Build.0 = Release|Any CPU
		{62D31B00-9212-4407-A229-C9EF1B388EAD}.Debug|Any CPU.ActiveCfg = Debug|Any CPU
		{62D31B00-9212-4407-A229-C9EF1B388EAD}.Debug|Any CPU.Build.0 = Debug|Any CPU
		{62D31B00-9212-4407-A229-C9EF1B388EAD}.Release|Any CPU.ActiveCfg = Release|Any CPU
		{62D31B00-9212-4407-A229-C9EF1B388EAD}.Release|Any CPU.Build.0 = Release|Any CPU
		{0383C0DC-3093-45B2-87C8-22A4615E751A}.Debug|Any CPU.ActiveCfg = Debug|Any CPU
		{0383C0DC-3093-45B2-87C8-22A4615E751A}.Debug|Any CPU.Build.0 = Debug|Any CPU
		{0383C0DC-3093-45B2-87C8-22A4615E751A}.Release|Any CPU.ActiveCfg = Release|Any CPU
		{0383C0DC-3093-45B2-87C8-22A4615E751A}.Release|Any CPU.Build.0 = Release|Any CPU
	EndGlobalSection
	GlobalSection(SolutionProperties) = preSolution
		HideSolutionNode = FALSE
	EndGlobalSection
	GlobalSection(NestedProjects) = preSolution
		{0120C743-1978-4D7B-9578-89C38F26617D} = {DA57B5D9-18E4-4FC7-8614-9C687560A657}
		{67DC7E43-A44C-4BAF-9930-4EC8E5B6E2BC} = {DA57B5D9-18E4-4FC7-8614-9C687560A657}
		{08FE3245-5598-4C41-B9B5-D58BD4165D89} = {DA57B5D9-18E4-4FC7-8614-9C687560A657}
		{80A2FC9A-F176-43C3-98CD-081C26C3A2A7} = {76DA1CA7-9985-485D-9E92-DBA21D868B64}
		{20A5FC57-ACBF-43FD-8C0B-5703C880B0C4} = {76DA1CA7-9985-485D-9E92-DBA21D868B64}
		{731967CF-7A63-4492-866D-5454ECF40133} = {76DA1CA7-9985-485D-9E92-DBA21D868B64}
		{10362FA0-AB87-4B04-A062-CE11B5CF6E33} = {796A15E3-70B5-4453-8DA1-8CDB68D2283B}
		{0FBB3C5E-79DD-42A5-BA09-5F252E1F13D6} = {796A15E3-70B5-4453-8DA1-8CDB68D2283B}
		{DCEB7719-85AB-4B26-B92D-2F75FC4C2F54} = {796A15E3-70B5-4453-8DA1-8CDB68D2283B}
		{E3550DC9-E6D7-4A58-A5A7-FB5B0185781B} = {31A99A1E-A25D-4813-B60A-3338644EA810}
		{62D31B00-9212-4407-A229-C9EF1B388EAD} = {31A99A1E-A25D-4813-B60A-3338644EA810}
		{0383C0DC-3093-45B2-87C8-22A4615E751A} = {31A99A1E-A25D-4813-B60A-3338644EA810}
	EndGlobalSection
	GlobalSection(ExtensibilityGlobals) = postSolution
		SolutionGuid = {63D60F28-20C4-4F4F-937F-07A7D2CA6DA5}
	EndGlobalSection
EndGlobal
